
Microsoft Visual Studio Solution File, Format Version 12.00
# Visual Studio Version 17
VisualStudioVersion = 17.3.32929.385
MinimumVisualStudioVersion = 10.0.40219.1
Project("{9A19103F-16F7-4668-BE54-9A1E7A4F7556}") = "Kata.Checkout", "Kata.Checkout.csproj", "{8E16C09A-28AD-4658-86D3-09B928D4F1A6}"
EndProject
Project("{9A19103F-16F7-4668-BE54-9A1E7A4F7556}") = "Kata.Checkout.Tests", "..\Kata.Checkout.Tests\Kata.Checkout.Tests.csproj", "{2E07CA14-D84A-4AD5-A000-201A8BE9B3A8}"
EndProject
Project("{FAE04EC0-301F-11D3-BF4B-00C04F79EFBC}") = "Kata.Checkout.Interfaces", "..\Kata.Checkout.Interfaces\Kata.Checkout.Interfaces.csproj", "{84D8DBA0-7A89-43BB-8DC0-8FD61F0C56B3}"
EndProject
Global
	GlobalSection(SolutionConfigurationPlatforms) = preSolution
		Debug|Any CPU = Debug|Any CPU
		Release|Any CPU = Release|Any CPU
	EndGlobalSection
	GlobalSection(ProjectConfigurationPlatforms) = postSolution
		{8E16C09A-28AD-4658-86D3-09B928D4F1A6}.Debug|Any CPU.ActiveCfg = Debug|Any CPU
		{8E16C09A-28AD-4658-86D3-09B928D4F1A6}.Debug|Any CPU.Build.0 = Debug|Any CPU
		{8E16C09A-28AD-4658-86D3-09B928D4F1A6}.Release|Any CPU.ActiveCfg = Release|Any CPU
		{8E16C09A-28AD-4658-86D3-09B928D4F1A6}.Release|Any CPU.Build.0 = Release|Any CPU
		{2E07CA14-D84A-4AD5-A000-201A8BE9B3A8}.Debug|Any CPU.ActiveCfg = Debug|Any CPU
		{2E07CA14-D84A-4AD5-A000-201A8BE9B3A8}.Debug|Any CPU.Build.0 = Debug|Any CPU
		{2E07CA14-D84A-4AD5-A000-201A8BE9B3A8}.Release|Any CPU.ActiveCfg = Release|Any CPU
		{2E07CA14-D84A-4AD5-A000-201A8BE9B3A8}.Release|Any CPU.Build.0 = Release|Any CPU
		{84D8DBA0-7A89-43BB-8DC0-8FD61F0C56B3}.Debug|Any CPU.ActiveCfg = Debug|Any CPU
		{84D8DBA0-7A89-43BB-8DC0-8FD61F0C56B3}.Debug|Any CPU.Build.0 = Debug|Any CPU
		{84D8DBA0-7A89-43BB-8DC0-8FD61F0C56B3}.Release|Any CPU.ActiveCfg = Release|Any CPU
		{84D8DBA0-7A89-43BB-8DC0-8FD61F0C56B3}.Release|Any CPU.Build.0 = Release|Any CPU
	EndGlobalSection
	GlobalSection(SolutionProperties) = preSolution
		HideSolutionNode = FALSE
	EndGlobalSection
	GlobalSection(ExtensibilityGlobals) = postSolution
		SolutionGuid = {9B739688-6C26-45D6-8689-8282C545E7D5}
	EndGlobalSection
EndGlobal
